{
  "name": "contact-form-relay",
  "version": "1.0.0",
  "lockfileVersion": 3,
  "requires": true,
  "packages": {
    "": {
      "name": "contact-form-relay",
      "version": "1.0.0",
      "dependencies": {
        "nodemailer": "^10.0.1"
      }
    },
    "node_modules/nodemailer": {
      "version": "10.0.1",
      "resolved": "https://registry.npmjs.org/nodemailer/-/nodemailer-10.0.1.tgz",
      "integrity": "sha512-c+gU9cL9HLDax3vjxL88kW+6NOgdtEUWaZ+AUtxdJR6LLhf0kGdCLExof7yiKW7zdO9EfXCSIgmhGyFmUM0mYQ==",
      "license": "MIT-0",
      "engines": {
        "node": ">=20.0.0"
      }
    }
  }
}
